// !$*UTF8*$!
{
	archiveVersion = 1;
	classes = {
	};
	objectVersion = 46;
	objects = {

/* Begin PBXBuildFile section */
		5DE2E0DC1D59BD80008A8973 /* ELCAlbumPickerController.m in Sources */ = {isa = PBXBuildFile; fileRef = 5DE2E0B51D59BD80008A8973 /* ELCAlbumPickerController.m */; };
		5DE2E0DD1D59BD80008A8973 /* ELCAsset.m in Sources */ = {isa = PBXBuildFile; fileRef = 5DE2E0B71D59BD80008A8973 /* ELCAsset.m */; };
		5DE2E0DE1D59BD80008A8973 /* ELCAssetCollectionCell.m in Sources */ = {isa = PBXBuildFile; fileRef = 5DE2E0B91D59BD80008A8973 /* ELCAssetCollectionCell.m */; };
		5DE2E0DF1D59BD80008A8973 /* ELCAssetCollectionPicker.m in Sources */ = {isa = PBXBuildFile; fileRef = 5DE2E0BB1D59BD80008A8973 /* ELCAssetCollectionPicker.m */; };
		5DE2E0E01D59BD80008A8973 /* ELCImagePickerController.m in Sources */ = {isa = PBXBuildFile; fileRef = 5DE2E0BE1D59BD80008A8973 /* ELCImagePickerController.m */; };
		5DE2E0E11D59BD80008A8973 /* ELCAssetCollectionPicker.xib in Resources */ = {isa = PBXBuildFile; fileRef = 5DE2E0C01D59BD80008A8973 /* ELCAssetCollectionPicker.xib */; };
		5DE2E0E21D59BD80008A8973 /* goods_add_plus@2x.png in Resources */ = {isa = PBXBuildFile; fileRef = 5DE2E0C11D59BD80008A8973 /* goods_add_plus@2x.png */; };
		5DE2E0E31D59BD80008A8973 /* goods_add_plus@3x.png in Resources */ = {isa = PBXBuildFile; fileRef = 5DE2E0C21D59BD80008A8973 /* goods_add_plus@3x.png */; };
		5DE2E0E41D59BD80008A8973 /* Overlay.png in Resources */ = {isa = PBXBuildFile; fileRef = 5DE2E0C31D59BD80008A8973 /* Overlay.png */; };
		5DE2E0E51D59BD80008A8973 /* Overlay@2x.png in Resources */ = {isa = PBXBuildFile; fileRef = 5DE2E0C41D59BD80008A8973 /* Overlay@2x.png */; };
		5DE2E0E61D59BD80008A8973 /* JYBMultiImageView.m in Sources */ = {isa = PBXBuildFile; fileRef = 5DE2E0C71D59BD80008A8973 /* JYBMultiImageView.m */; };
		5DE2E0E71D59BD80008A8973 /* UIImageButton.m in Sources */ = {isa = PBXBuildFile; fileRef = 5DE2E0C91D59BD80008A8973 /* UIImageButton.m */; };
		5DE2E0E81D59BD80008A8973 /* JYBBaseViewController.m in Sources */ = {isa = PBXBuildFile; fileRef = 5DE2E0CB1D59BD80008A8973 /* JYBBaseViewController.m */; };
		5DE2E0E91D59BD80008A8973 /* JYBStringHelper.m in Sources */ = {isa = PBXBuildFile; fileRef = 5DE2E0CF1D59BD80008A8973 /* JYBStringHelper.m */; };
		5DE2E0EA1D59BD80008A8973 /* JYBLoading.m in Sources */ = {isa = PBXBuildFile; fileRef = 5DE2E0D21D59BD80008A8973 /* JYBLoading.m */; };
		5DE2E0EB1D59BD80008A8973 /* JYBLoadingIndicator.m in Sources */ = {isa = PBXBuildFile; fileRef = 5DE2E0D41D59BD80008A8973 /* JYBLoadingIndicator.m */; };
		5DE2E0EC1D59BD80008A8973 /* MBProgressHUD.m in Sources */ = {isa = PBXBuildFile; fileRef = 5DE2E0D61D59BD80008A8973 /* MBProgressHUD.m */; };
		5DE2E0ED1D59BD80008A8973 /* UIImage+Color.m in Sources */ = {isa = PBXBuildFile; fileRef = 5DE2E0D91D59BD80008A8973 /* UIImage+Color.m */; };
		5DE2E0EE1D59BD80008A8973 /* UIView+Ext.m in Sources */ = {isa = PBXBuildFile; fileRef = 5DE2E0DB1D59BD80008A8973 /* UIView+Ext.m */; };
		5DE2E0F01D59C346008A8973 /* Default-568h@2x.png in Resources */ = {isa = PBXBuildFile; fileRef = 5DE2E0EF1D59C346008A8973 /* Default-568h@2x.png */; };
		6003F58E195388D20070C39A /* Foundation.framework in Frameworks */ = {isa = PBXBuildFile; fileRef = 6003F58D195388D20070C39A /* Foundation.framework */; };
		6003F590195388D20070C39A /* CoreGraphics.framework in Frameworks */ = {isa = PBXBuildFile; fileRef = 6003F58F195388D20070C39A /* CoreGraphics.framework */; };
		6003F592195388D20070C39A /* UIKit.framework in Frameworks */ = {isa = PBXBuildFile; fileRef = 6003F591195388D20070C39A /* UIKit.framework */; };
		6003F598195388D20070C39A /* InfoPlist.strings in Resources */ = {isa = PBXBuildFile; fileRef = 6003F596195388D20070C39A /* InfoPlist.strings */; };
		6003F59A195388D20070C39A /* main.m in Sources */ = {isa = PBXBuildFile; fileRef = 6003F599195388D20070C39A /* main.m */; };
		6003F59E195388D20070C39A /* CYXAppDelegate.m in Sources */ = {isa = PBXBuildFile; fileRef = 6003F59D195388D20070C39A /* CYXAppDelegate.m */; };
		6003F5A7195388D20070C39A /* CYXViewController.m in Sources */ = {isa = PBXBuildFile; fileRef = 6003F5A6195388D20070C39A /* CYXViewController.m */; };
		6003F5A9195388D20070C39A /* Images.xcassets in Resources */ = {isa = PBXBuildFile; fileRef = 6003F5A8195388D20070C39A /* Images.xcassets */; };
		6003F5B0195388D20070C39A /* XCTest.framework in Frameworks */ = {isa = PBXBuildFile; fileRef = 6003F5AF195388D20070C39A /* XCTest.framework */; };
		6003F5B1195388D20070C39A /* Foundation.framework in Frameworks */ = {isa = PBXBuildFile; fileRef = 6003F58D195388D20070C39A /* Foundation.framework */; };
		6003F5B2195388D20070C39A /* UIKit.framework in Frameworks */ = {isa = PBXBuildFile; fileRef = 6003F591195388D20070C39A /* UIKit.framework */; };
		6003F5BA195388D20070C39A /* InfoPlist.strings in Resources */ = {isa = PBXBuildFile; fileRef = 6003F5B8195388D20070C39A /* InfoPlist.strings */; };
		6003F5BC195388D20070C39A /* Tests.m in Sources */ = {isa = PBXBuildFile; fileRef = 6003F5BB195388D20070C39A /* Tests.m */; };
		60211163BACEE123481E3723 /* Pods_MultiImageSelector_Tests.framework in Frameworks */ = {isa = PBXBuildFile; fileRef = C9642623279B8531E8F1B3C9 /* Pods_MultiImageSelector_Tests.framework */; };
		873B8AEB1B1F5CCA007FD442 /* Main.storyboard in Resources */ = {isa = PBXBuildFile; fileRef = 873B8AEA1B1F5CCA007FD442 /* Main.storyboard */; };
		934A32BBDD9F39DF997AEF55 /* Pods_MultiImageSelector_Example.framework in Frameworks */ = {isa = PBXBuildFile; fileRef = C856047E67B8814040BB7FE6 /* Pods_MultiImageSelector_Example.framework */; };
/* End PBXBuildFile section */

/* Begin PBXContainerItemProxy section */
		6003F5B3195388D20070C39A /* PBXContainerItemProxy */ = {
			isa = PBXContainerItemProxy;
			containerPortal = 6003F582195388D10070C39A /* Project object */;
			proxyType = 1;
			remoteGlobalIDString = 6003F589195388D20070C39A;
			remoteInfo = MultiImageSelector;
		};
/* End PBXContainerItemProxy section */

/* Begin PBXFileReference section */
		0C63F3CD9C5F710FA34EFF36 /* Pods-MultiImageSelector_Example.debug.xcconfig */ = {isa = PBXFileReference; includeInIndex = 1; lastKnownFileType = text.xcconfig; name = "Pods-MultiImageSelector_Example.debug.xcconfig"; path = "Pods/Target Support Files/Pods-MultiImageSelector_Example/Pods-MultiImageSelector_Example.debug.xcconfig"; sourceTree = "<group>"; };
		414459B11CD4843965F405CE /* README.md */ = {isa = PBXFileReference; includeInIndex = 1; lastKnownFileType = net.daringfireball.markdown; name = README.md; path = ../README.md; sourceTree = "<group>"; };
		4F4F4917E987C0DB8784E5DD /* Pods-MultiImageSelector_Example.release.xcconfig */ = {isa = PBXFileReference; includeInIndex = 1; lastKnownFileType = text.xcconfig; name = "Pods-MultiImageSelector_Example.release.xcconfig"; path = "Pods/Target Support Files/Pods-MultiImageSelector_Example/Pods-MultiImageSelector_Example.release.xcconfig"; sourceTree = "<group>"; };
		5B4AE93A61320248E4FB70EA /* LICENSE */ = {isa = PBXFileReference; includeInIndex = 1; lastKnownFileType = text; name = LICENSE; path = ../LICENSE; sourceTree = "<group>"; };
		5DE2E0B41D59BD80008A8973 /* ELCAlbumPickerController.h */ = {isa = PBXFileReference; fileEncoding = 4; lastKnownFileType = sourcecode.c.h; path = ELCAlbumPickerController.h; sourceTree = "<group>"; };
		5DE2E0B51D59BD80008A8973 /* ELCAlbumPickerController.m */ = {isa = PBXFileReference; fileEncoding = 4; lastKnownFileType = sourcecode.c.objc; path = ELCAlbumPickerController.m; sourceTree = "<group>"; };
		5DE2E0B61D59BD80008A8973 /* ELCAsset.h */ = {isa = PBXFileReference; fileEncoding = 4; lastKnownFileType = sourcecode.c.h; path = ELCAsset.h; sourceTree = "<group>"; };
		5DE2E0B71D59BD80008A8973 /* ELCAsset.m */ = {isa = PBXFileReference; fileEncoding = 4; lastKnownFileType = sourcecode.c.objc; path = ELCAsset.m; sourceTree = "<group>"; };
		5DE2E0B81D59BD80008A8973 /* ELCAssetCollectionCell.h */ = {isa = PBXFileReference; fileEncoding = 4; lastKnownFileType = sourcecode.c.h; path = ELCAssetCollectionCell.h; sourceTree = "<group>"; };
		5DE2E0B91D59BD80008A8973 /* ELCAssetCollectionCell.m */ = {isa = PBXFileReference; fileEncoding = 4; lastKnownFileType = sourcecode.c.objc; path = ELCAssetCollectionCell.m; sourceTree = "<group>"; };
		5DE2E0BA1D59BD80008A8973 /* ELCAssetCollectionPicker.h */ = {isa = PBXFileReference; fileEncoding = 4; lastKnownFileType = sourcecode.c.h; path = ELCAssetCollectionPicker.h; sourceTree = "<group>"; };
		5DE2E0BB1D59BD80008A8973 /* ELCAssetCollectionPicker.m */ = {isa = PBXFileReference; fileEncoding = 4; lastKnownFileType = sourcecode.c.objc; path = ELCAssetCollectionPicker.m; sourceTree = "<group>"; };
		5DE2E0BC1D59BD80008A8973 /* ELCAssetSelectionDelegate.h */ = {isa = PBXFileReference; fileEncoding = 4; lastKnownFileType = sourcecode.c.h; path = ELCAssetSelectionDelegate.h; sourceTree = "<group>"; };
		5DE2E0BD1D59BD80008A8973 /* ELCImagePickerController.h */ = {isa = PBXFileReference; fileEncoding = 4; lastKnownFileType = sourcecode.c.h; path = ELCImagePickerController.h; sourceTree = "<group>"; };
		5DE2E0BE1D59BD80008A8973 /* ELCImagePickerController.m */ = {isa = PBXFileReference; fileEncoding = 4; lastKnownFileType = sourcecode.c.objc; path = ELCImagePickerController.m; sourceTree = "<group>"; };
		5DE2E0C01D59BD80008A8973 /* ELCAssetCollectionPicker.xib */ = {isa = PBXFileReference; fileEncoding = 4; lastKnownFileType = file.xib; path = ELCAssetCollectionPicker.xib; sourceTree = "<group>"; };
		5DE2E0C11D59BD80008A8973 /* goods_add_plus@2x.png */ = {isa = PBXFileReference; lastKnownFileType = image.png; path = "goods_add_plus@2x.png"; sourceTree = "<group>"; };
		5DE2E0C21D59BD80008A8973 /* goods_add_plus@3x.png */ = {isa = PBXFileReference; lastKnownFileType = image.png; path = "goods_add_plus@3x.png"; sourceTree = "<group>"; };
		5DE2E0C31D59BD80008A8973 /* Overlay.png */ = {isa = PBXFileReference; lastKnownFileType = image.png; path = Overlay.png; sourceTree = "<group>"; };
		5DE2E0C41D59BD80008A8973 /* Overlay@2x.png */ = {isa = PBXFileReference; lastKnownFileType = image.png; path = "Overlay@2x.png"; sourceTree = "<group>"; };
		5DE2E0C61D59BD80008A8973 /* JYBMultiImageView.h */ = {isa = PBXFileReference; fileEncoding = 4; lastKnownFileType = sourcecode.c.h; path = JYBMultiImageView.h; sourceTree = "<group>"; };
		5DE2E0C71D59BD80008A8973 /* JYBMultiImageView.m */ = {isa = PBXFileReference; fileEncoding = 4; lastKnownFileType = sourcecode.c.objc; path = JYBMultiImageView.m; sourceTree = "<group>"; };
		5DE2E0C81D59BD80008A8973 /* UIImageButton.h */ = {isa = PBXFileReference; fileEncoding = 4; lastKnownFileType = sourcecode.c.h; path = UIImageButton.h; sourceTree = "<group>"; };
		5DE2E0C91D59BD80008A8973 /* UIImageButton.m */ = {isa = PBXFileReference; fileEncoding = 4; lastKnownFileType = sourcecode.c.objc; path = UIImageButton.m; sourceTree = "<group>"; };
		5DE2E0CA1D59BD80008A8973 /* JYBBaseViewController.h */ = {isa = PBXFileReference; fileEncoding = 4; lastKnownFileType = sourcecode.c.h; path = JYBBaseViewController.h; sourceTree = "<group>"; };
		5DE2E0CB1D59BD80008A8973 /* JYBBaseViewController.m */ = {isa = PBXFileReference; fileEncoding = 4; lastKnownFileType = sourcecode.c.objc; path = JYBBaseViewController.m; sourceTree = "<group>"; };
		5DE2E0CC1D59BD80008A8973 /* JYBMacros.h */ = {isa = PBXFileReference; fileEncoding = 4; lastKnownFileType = sourcecode.c.h; path = JYBMacros.h; sourceTree = "<group>"; };
		5DE2E0CD1D59BD80008A8973 /* JYBMultiImageSelector.h */ = {isa = PBXFileReference; fileEncoding = 4; lastKnownFileType = sourcecode.c.h; path = JYBMultiImageSelector.h; sourceTree = "<group>"; };
		5DE2E0CE1D59BD80008A8973 /* JYBStringHelper.h */ = {isa = PBXFileReference; fileEncoding = 4; lastKnownFileType = sourcecode.c.h; path = JYBStringHelper.h; sourceTree = "<group>"; };
		5DE2E0CF1D59BD80008A8973 /* JYBStringHelper.m */ = {isa = PBXFileReference; fileEncoding = 4; lastKnownFileType = sourcecode.c.objc; path = JYBStringHelper.m; sourceTree = "<group>"; };
		5DE2E0D11D59BD80008A8973 /* JYBLoading.h */ = {isa = PBXFileReference; fileEncoding = 4; lastKnownFileType = sourcecode.c.h; path = JYBLoading.h; sourceTree = "<group>"; };
		5DE2E0D21D59BD80008A8973 /* JYBLoading.m */ = {isa = PBXFileReference; fileEncoding = 4; lastKnownFileType = sourcecode.c.objc; path = JYBLoading.m; sourceTree = "<group>"; };
		5DE2E0D31D59BD80008A8973 /* JYBLoadingIndicator.h */ = {isa = PBXFileReference; fileEncoding = 4; lastKnownFileType = sourcecode.c.h; path = JYBLoadingIndicator.h; sourceTree = "<group>"; };
		5DE2E0D41D59BD80008A8973 /* JYBLoadingIndicator.m */ = {isa = PBXFileReference; fileEncoding = 4; lastKnownFileType = sourcecode.c.objc; path = JYBLoadingIndicator.m; sourceTree = "<group>"; };
		5DE2E0D51D59BD80008A8973 /* MBProgressHUD.h */ = {isa = PBXFileReference; fileEncoding = 4; lastKnownFileType = sourcecode.c.h; path = MBProgressHUD.h; sourceTree = "<group>"; };
		5DE2E0D61D59BD80008A8973 /* MBProgressHUD.m */ = {isa = PBXFileReference; fileEncoding = 4; lastKnownFileType = sourcecode.c.objc; path = MBProgressHUD.m; sourceTree = "<group>"; };
		5DE2E0D81D59BD80008A8973 /* UIImage+Color.h */ = {isa = PBXFileReference; fileEncoding = 4; lastKnownFileType = sourcecode.c.h; path = "UIImage+Color.h"; sourceTree = "<group>"; };
		5DE2E0D91D59BD80008A8973 /* UIImage+Color.m */ = {isa = PBXFileReference; fileEncoding = 4; lastKnownFileType = sourcecode.c.objc; path = "UIImage+Color.m"; sourceTree = "<group>"; };
		5DE2E0DA1D59BD80008A8973 /* UIView+Ext.h */ = {isa = PBXFileReference; fileEncoding = 4; lastKnownFileType = sourcecode.c.h; path = "UIView+Ext.h"; sourceTree = "<group>"; };
		5DE2E0DB1D59BD80008A8973 /* UIView+Ext.m */ = {isa = PBXFileReference; fileEncoding = 4; lastKnownFileType = sourcecode.c.objc; path = "UIView+Ext.m"; sourceTree = "<group>"; };
		5DE2E0EF1D59C346008A8973 /* Default-568h@2x.png */ = {isa = PBXFileReference; lastKnownFileType = image.png; name = "Default-568h@2x.png"; path = "../Default-568h@2x.png"; sourceTree = "<group>"; };
		6003F58A195388D20070C39A /* MultiImageSelector_Example.app */ = {isa = PBXFileReference; explicitFileType = wrapper.application; includeInIndex = 0; path = MultiImageSelector_Example.app; sourceTree = BUILT_PRODUCTS_DIR; };
		6003F58D195388D20070C39A /* Foundation.framework */ = {isa = PBXFileReference; lastKnownFileType = wrapper.framework; name = Foundation.framework; path = System/Library/Frameworks/Foundation.framework; sourceTree = SDKROOT; };
		6003F58F195388D20070C39A /* CoreGraphics.framework */ = {isa = PBXFileReference; lastKnownFileType = wrapper.framework; name = CoreGraphics.framework; path = System/Library/Frameworks/CoreGraphics.framework; sourceTree = SDKROOT; };
		6003F591195388D20070C39A /* UIKit.framework */ = {isa = PBXFileReference; lastKnownFileType = wrapper.framework; name = UIKit.framework; path = System/Library/Frameworks/UIKit.framework; sourceTree = SDKROOT; };
		6003F595195388D20070C39A /* MultiImageSelector-Info.plist */ = {isa = PBXFileReference; lastKnownFileType = text.plist.xml; path = "MultiImageSelector-Info.plist"; sourceTree = "<group>"; };
		6003F597195388D20070C39A /* en */ = {isa = PBXFileReference; lastKnownFileType = text.plist.strings; name = en; path = en.lproj/InfoPlist.strings; sourceTree = "<group>"; };
		6003F599195388D20070C39A /* main.m */ = {isa = PBXFileReference; lastKnownFileType = sourcecode.c.objc; path = main.m; sourceTree = "<group>"; };
		6003F59B195388D20070C39A /* MultiImageSelector-Prefix.pch */ = {isa = PBXFileReference; lastKnownFileType = sourcecode.c.h; path = "MultiImageSelector-Prefix.pch"; sourceTree = "<group>"; };
		6003F59C195388D20070C39A /* CYXAppDelegate.h */ = {isa = PBXFileReference; lastKnownFileType = sourcecode.c.h; path = CYXAppDelegate.h; sourceTree = "<group>"; };
		6003F59D195388D20070C39A /* CYXAppDelegate.m */ = {isa = PBXFileReference; lastKnownFileType = sourcecode.c.objc; path = CYXAppDelegate.m; sourceTree = "<group>"; };
		6003F5A5195388D20070C39A /* CYXViewController.h */ = {isa = PBXFileReference; lastKnownFileType = sourcecode.c.h; path = CYXViewController.h; sourceTree = "<group>"; };
		6003F5A6195388D20070C39A /* CYXViewController.m */ = {isa = PBXFileReference; lastKnownFileType = sourcecode.c.objc; path = CYXViewController.m; sourceTree = "<group>"; };
		6003F5A8195388D20070C39A /* Images.xcassets */ = {isa = PBXFileReference; lastKnownFileType = folder.assetcatalog; path = Images.xcassets; sourceTree = "<group>"; };
		6003F5AE195388D20070C39A /* MultiImageSelector_Tests.xctest */ = {isa = PBXFileReference; explicitFileType = wrapper.cfbundle; includeInIndex = 0; path = MultiImageSelector_Tests.xctest; sourceTree = BUILT_PRODUCTS_DIR; };
		6003F5AF195388D20070C39A /* XCTest.framework */ = {isa = PBXFileReference; lastKnownFileType = wrapper.framework; name = XCTest.framework; path = Library/Frameworks/XCTest.framework; sourceTree = DEVELOPER_DIR; };
		6003F5B7195388D20070C39A /* Tests-Info.plist */ = {isa = PBXFileReference; lastKnownFileType = text.plist.xml; path = "Tests-Info.plist"; sourceTree = "<group>"; };
		6003F5B9195388D20070C39A /* en */ = {isa = PBXFileReference; lastKnownFileType = text.plist.strings; name = en; path = en.lproj/InfoPlist.strings; sourceTree = "<group>"; };
		6003F5BB195388D20070C39A /* Tests.m */ = {isa = PBXFileReference; lastKnownFileType = sourcecode.c.objc; path = Tests.m; sourceTree = "<group>"; };
		606FC2411953D9B200FFA9A0 /* Tests-Prefix.pch */ = {isa = PBXFileReference; lastKnownFileType = sourcecode.c.h; path = "Tests-Prefix.pch"; sourceTree = "<group>"; };
		873B8AEA1B1F5CCA007FD442 /* Main.storyboard */ = {isa = PBXFileReference; fileEncoding = 4; lastKnownFileType = file.storyboard; path = Main.storyboard; sourceTree = "<group>"; };
		C856047E67B8814040BB7FE6 /* Pods_MultiImageSelector_Example.framework */ = {isa = PBXFileReference; explicitFileType = wrapper.framework; includeInIndex = 0; path = Pods_MultiImageSelector_Example.framework; sourceTree = BUILT_PRODUCTS_DIR; };
		C9642623279B8531E8F1B3C9 /* Pods_MultiImageSelector_Tests.framework */ = {isa = PBXFileReference; explicitFileType = wrapper.framework; includeInIndex = 0; path = Pods_MultiImageSelector_Tests.framework; sourceTree = BUILT_PRODUCTS_DIR; };
		D5BA8823FD6B4692534AFE5E /* Pods-MultiImageSelector_Tests.debug.xcconfig */ = {isa = PBXFileReference; includeInIndex = 1; lastKnownFileType = text.xcconfig; name = "Pods-MultiImageSelector_Tests.debug.xcconfig"; path = "Pods/Target Support Files/Pods-MultiImageSelector_Tests/Pods-MultiImageSelector_Tests.debug.xcconfig"; sourceTree = "<group>"; };
		DF5051042494AED3853FEEF7 /* MultiImageSelector.podspec */ = {isa = PBXFileReference; includeInIndex = 1; lastKnownFileType = text; name = MultiImageSelector.podspec; path = ../MultiImageSelector.podspec; sourceTree = "<group>"; };
		E408B0E784EFB17CC91337E8 /* Pods-MultiImageSelector_Tests.release.xcconfig */ = {isa = PBXFileReference; includeInIndex = 1; lastKnownFileType = text.xcconfig; name = "Pods-MultiImageSelector_Tests.release.xcconfig"; path = "Pods/Target Support Files/Pods-MultiImageSelector_Tests/Pods-MultiImageSelector_Tests.release.xcconfig"; sourceTree = "<group>"; };
/* End PBXFileReference section */

/* Begin PBXFrameworksBuildPhase section */
		6003F587195388D20070C39A /* Frameworks */ = {
			isa = PBXFrameworksBuildPhase;
			buildActionMask = 2147483647;
			files = (
				6003F590195388D20070C39A /* CoreGraphics.framework in Frameworks */,
				6003F592195388D20070C39A /* UIKit.framework in Frameworks */,
				6003F58E195388D20070C39A /* Foundation.framework in Frameworks */,
				934A32BBDD9F39DF997AEF55 /* Pods_MultiImageSelector_Example.framework in Frameworks */,
			);
			runOnlyForDeploymentPostprocessing = 0;
		};
		6003F5AB195388D20070C39A /* Frameworks */ = {
			isa = PBXFrameworksBuildPhase;
			buildActionMask = 2147483647;
			files = (
				6003F5B0195388D20070C39A /* XCTest.framework in Frameworks */,
				6003F5B2195388D20070C39A /* UIKit.framework in Frameworks */,
				6003F5B1195388D20070C39A /* Foundation.framework in Frameworks */,
				60211163BACEE123481E3723 /* Pods_MultiImageSelector_Tests.framework in Frameworks */,
			);
			runOnlyForDeploymentPostprocessing = 0;
		};
/* End PBXFrameworksBuildPhase section */

/* Begin PBXGroup section */
		409EA952B8949393F60D5712 /* Pods */ = {
			isa = PBXGroup;
			children = (
				0C63F3CD9C5F710FA34EFF36 /* Pods-MultiImageSelector_Example.debug.xcconfig */,
				4F4F4917E987C0DB8784E5DD /* Pods-MultiImageSelector_Example.release.xcconfig */,
				D5BA8823FD6B4692534AFE5E /* Pods-MultiImageSelector_Tests.debug.xcconfig */,
				E408B0E784EFB17CC91337E8 /* Pods-MultiImageSelector_Tests.release.xcconfig */,
			);
			name = Pods;
			sourceTree = "<group>";
		};
		5DE2E0B21D59BD80008A8973 /* JYBMultiImageSelector */ = {
			isa = PBXGroup;
			children = (
				5DE2E0B31D59BD80008A8973 /* ELCImagePicker */,
				5DE2E0C51D59BD80008A8973 /* ImagesSelectorView */,
				5DE2E0CA1D59BD80008A8973 /* JYBBaseViewController.h */,
				5DE2E0CB1D59BD80008A8973 /* JYBBaseViewController.m */,
				5DE2E0CC1D59BD80008A8973 /* JYBMacros.h */,
				5DE2E0CD1D59BD80008A8973 /* JYBMultiImageSelector.h */,
				5DE2E0CE1D59BD80008A8973 /* JYBStringHelper.h */,
				5DE2E0CF1D59BD80008A8973 /* JYBStringHelper.m */,
				5DE2E0D01D59BD80008A8973 /* MBProgressHUD */,
				5DE2E0D71D59BD80008A8973 /* UIKit+Helper */,
			);
			path = JYBMultiImageSelector;
			sourceTree = "<group>";
		};
		5DE2E0B31D59BD80008A8973 /* ELCImagePicker */ = {
			isa = PBXGroup;
			children = (
				5DE2E0B41D59BD80008A8973 /* ELCAlbumPickerController.h */,
				5DE2E0B51D59BD80008A8973 /* ELCAlbumPickerController.m */,
				5DE2E0B61D59BD80008A8973 /* ELCAsset.h */,
				5DE2E0B71D59BD80008A8973 /* ELCAsset.m */,
				5DE2E0B81D59BD80008A8973 /* ELCAssetCollectionCell.h */,
				5DE2E0B91D59BD80008A8973 /* ELCAssetCollectionCell.m */,
				5DE2E0BA1D59BD80008A8973 /* ELCAssetCollectionPicker.h */,
				5DE2E0BB1D59BD80008A8973 /* ELCAssetCollectionPicker.m */,
				5DE2E0BC1D59BD80008A8973 /* ELCAssetSelectionDelegate.h */,
				5DE2E0BD1D59BD80008A8973 /* ELCImagePickerController.h */,
				5DE2E0BE1D59BD80008A8973 /* ELCImagePickerController.m */,
				5DE2E0BF1D59BD80008A8973 /* Resources */,
			);
			path = ELCImagePicker;
			sourceTree = "<group>";
		};
		5DE2E0BF1D59BD80008A8973 /* Resources */ = {
			isa = PBXGroup;
			children = (
				5DE2E0C01D59BD80008A8973 /* ELCAssetCollectionPicker.xib */,
				5DE2E0C11D59BD80008A8973 /* goods_add_plus@2x.png */,
				5DE2E0C21D59BD80008A8973 /* goods_add_plus@3x.png */,
				5DE2E0C31D59BD80008A8973 /* Overlay.png */,
				5DE2E0C41D59BD80008A8973 /* Overlay@2x.png */,
			);
			path = Resources;
			sourceTree = "<group>";
		};
		5DE2E0C51D59BD80008A8973 /* ImagesSelectorView */ = {
			isa = PBXGroup;
			children = (
				5DE2E0C61D59BD80008A8973 /* JYBMultiImageView.h */,
				5DE2E0C71D59BD80008A8973 /* JYBMultiImageView.m */,
				5DE2E0C81D59BD80008A8973 /* UIImageButton.h */,
				5DE2E0C91D59BD80008A8973 /* UIImageButton.m */,
			);
			path = ImagesSelectorView;
			sourceTree = "<group>";
		};
		5DE2E0D01D59BD80008A8973 /* MBProgressHUD */ = {
			isa = PBXGroup;
			children = (
				5DE2E0D11D59BD80008A8973 /* JYBLoading.h */,
				5DE2E0D21D59BD80008A8973 /* JYBLoading.m */,
				5DE2E0D31D59BD80008A8973 /* JYBLoadingIndicator.h */,
				5DE2E0D41D59BD80008A8973 /* JYBLoadingIndicator.m */,
				5DE2E0D51D59BD80008A8973 /* MBProgressHUD.h */,
				5DE2E0D61D59BD80008A8973 /* MBProgressHUD.m */,
			);
			path = MBProgressHUD;
			sourceTree = "<group>";
		};
		5DE2E0D71D59BD80008A8973 /* UIKit+Helper */ = {
			isa = PBXGroup;
			children = (
				5DE2E0D81D59BD80008A8973 /* UIImage+Color.h */,
				5DE2E0D91D59BD80008A8973 /* UIImage+Color.m */,
				5DE2E0DA1D59BD80008A8973 /* UIView+Ext.h */,
				5DE2E0DB1D59BD80008A8973 /* UIView+Ext.m */,
			);
			path = "UIKit+Helper";
			sourceTree = "<group>";
		};
		6003F581195388D10070C39A = {
			isa = PBXGroup;
			children = (
				60FF7A9C1954A5C5007DD14C /* Podspec Metadata */,
				6003F593195388D20070C39A /* Example for MultiImageSelector */,
				6003F5B5195388D20070C39A /* Tests */,
				6003F58C195388D20070C39A /* Frameworks */,
				6003F58B195388D20070C39A /* Products */,
				409EA952B8949393F60D5712 /* Pods */,
			);
			sourceTree = "<group>";
		};
		6003F58B195388D20070C39A /* Products */ = {
			isa = PBXGroup;
			children = (
				6003F58A195388D20070C39A /* MultiImageSelector_Example.app */,
				6003F5AE195388D20070C39A /* MultiImageSelector_Tests.xctest */,
			);
			name = Products;
			sourceTree = "<group>";
		};
		6003F58C195388D20070C39A /* Frameworks */ = {
			isa = PBXGroup;
			children = (
				6003F58D195388D20070C39A /* Foundation.framework */,
				6003F58F195388D20070C39A /* CoreGraphics.framework */,
				6003F591195388D20070C39A /* UIKit.framework */,
				6003F5AF195388D20070C39A /* XCTest.framework */,
				C856047E67B8814040BB7FE6 /* Pods_MultiImageSelector_Example.framework */,
				C9642623279B8531E8F1B3C9 /* Pods_MultiImageSelector_Tests.framework */,
			);
			name = Frameworks;
			sourceTree = "<group>";
		};
		6003F593195388D20070C39A /* Example for MultiImageSelector */ = {
			isa = PBXGroup;
			children = (
				5DE2E0B21D59BD80008A8973 /* JYBMultiImageSelector */,
				6003F59C195388D20070C39A /* CYXAppDelegate.h */,
				6003F59D195388D20070C39A /* CYXAppDelegate.m */,
				873B8AEA1B1F5CCA007FD442 /* Main.storyboard */,
				6003F5A5195388D20070C39A /* CYXViewController.h */,
				6003F5A6195388D20070C39A /* CYXViewController.m */,
				6003F5A8195388D20070C39A /* Images.xcassets */,
				6003F594195388D20070C39A /* Supporting Files */,
			);
			name = "Example for MultiImageSelector";
			path = MultiImageSelector;
			sourceTree = "<group>";
		};
		6003F594195388D20070C39A /* Supporting Files */ = {
			isa = PBXGroup;
			children = (
				5DE2E0EF1D59C346008A8973 /* Default-568h@2x.png */,
				6003F595195388D20070C39A /* MultiImageSelector-Info.plist */,
				6003F596195388D20070C39A /* InfoPlist.strings */,
				6003F599195388D20070C39A /* main.m */,
				6003F59B195388D20070C39A /* MultiImageSelector-Prefix.pch */,
			);
			name = "Supporting Files";
			sourceTree = "<group>";
		};
		6003F5B5195388D20070C39A /* Tests */ = {
			isa = PBXGroup;
			children = (
				6003F5BB195388D20070C39A /* Tests.m */,
				6003F5B6195388D20070C39A /* Supporting Files */,
			);
			path = Tests;
			sourceTree = "<group>";
		};
		6003F5B6195388D20070C39A /* Supporting Files */ = {
			isa = PBXGroup;
			children = (
				6003F5B7195388D20070C39A /* Tests-Info.plist */,
				6003F5B8195388D20070C39A /* InfoPlist.strings */,
				606FC2411953D9B200FFA9A0 /* Tests-Prefix.pch */,
			);
			name = "Supporting Files";
			sourceTree = "<group>";
		};
		60FF7A9C1954A5C5007DD14C /* Podspec Metadata */ = {
			isa = PBXGroup;
			children = (
				DF5051042494AED3853FEEF7 /* MultiImageSelector.podspec */,
				414459B11CD4843965F405CE /* README.md */,
				5B4AE93A61320248E4FB70EA /* LICENSE */,
			);
			name = "Podspec Metadata";
			sourceTree = "<group>";
		};
/* End PBXGroup section */

/* Begin PBXNativeTarget section */
		6003F589195388D20070C39A /* MultiImageSelector_Example */ = {
			isa = PBXNativeTarget;
			buildConfigurationList = 6003F5BF195388D20070C39A /* Build configuration list for PBXNativeTarget "MultiImageSelector_Example" */;
			buildPhases = (
				A1B991FEFCB7B155514B94C6 /* [CP] Check Pods Manifest.lock */,
				6003F586195388D20070C39A /* Sources */,
				6003F587195388D20070C39A /* Frameworks */,
				6003F588195388D20070C39A /* Resources */,
				4C9C7C406D333C358AB52729 /* [CP] Embed Pods Frameworks */,
				74A568280A27C022045E0E7D /* [CP] Copy Pods Resources */,
			);
			buildRules = (
			);
			dependencies = (
			);
			name = MultiImageSelector_Example;
			productName = MultiImageSelector;
			productReference = 6003F58A195388D20070C39A /* MultiImageSelector_Example.app */;
			productType = "com.apple.product-type.application";
		};
		6003F5AD195388D20070C39A /* MultiImageSelector_Tests */ = {
			isa = PBXNativeTarget;
			buildConfigurationList = 6003F5C2195388D20070C39A /* Build configuration list for PBXNativeTarget "MultiImageSelector_Tests" */;
			buildPhases = (
				485F68058BE00D976926DCFE /* [CP] Check Pods Manifest.lock */,
				6003F5AA195388D20070C39A /* Sources */,
				6003F5AB195388D20070C39A /* Frameworks */,
				6003F5AC195388D20070C39A /* Resources */,
				1389B76693F3EB606D81EC6E /* [CP] Embed Pods Frameworks */,
				A88CF88954CD13E94793B47C /* [CP] Copy Pods Resources */,
			);
			buildRules = (
			);
			dependencies = (
				6003F5B4195388D20070C39A /* PBXTargetDependency */,
			);
			name = MultiImageSelector_Tests;
			productName = MultiImageSelectorTests;
			productReference = 6003F5AE195388D20070C39A /* MultiImageSelector_Tests.xctest */;
			productType = "com.apple.product-type.bundle.unit-test";
		};
/* End PBXNativeTarget section */

/* Begin PBXProject section */
		6003F582195388D10070C39A /* Project object */ = {
			isa = PBXProject;
			attributes = {
				CLASSPREFIX = CYX;
				LastUpgradeCheck = 0720;
				ORGANIZATIONNAME = CYFly;
				TargetAttributes = {
					6003F5AD195388D20070C39A = {
						TestTargetID = 6003F589195388D20070C39A;
					};
				};
			};
			buildConfigurationList = 6003F585195388D10070C39A /* Build configuration list for PBXProject "MultiImageSelector" */;
			compatibilityVersion = "Xcode 3.2";
			developmentRegion = English;
			hasScannedForEncodings = 0;
			knownRegions = (
				en,
				Base,
			);
			mainGroup = 6003F581195388D10070C39A;
			productRefGroup = 6003F58B195388D20070C39A /* Products */;
			projectDirPath = "";
			projectRoot = "";
			targets = (
				6003F589195388D20070C39A /* MultiImageSelector_Example */,
				6003F5AD195388D20070C39A /* MultiImageSelector_Tests */,
			);
		};
/* End PBXProject section */

/* Begin PBXResourcesBuildPhase section */
		6003F588195388D20070C39A /* Resources */ = {
			isa = PBXResourcesBuildPhase;
			buildActionMask = 2147483647;
			files = (
				873B8AEB1B1F5CCA007FD442 /* Main.storyboard in Resources */,
				6003F5A9195388D20070C39A /* Images.xcassets in Resources */,
				5DE2E0F01D59C346008A8973 /* Default-568h@2x.png in Resources */,
				5DE2E0E41D59BD80008A8973 /* Overlay.png in Resources */,
				6003F598195388D20070C39A /* InfoPlist.strings in Resources */,
				5DE2E0E21D59BD80008A8973 /* goods_add_plus@2x.png in Resources */,
				5DE2E0E51D59BD80008A8973 /* Overlay@2x.png in Resources */,
				5DE2E0E31D59BD80008A8973 /* goods_add_plus@3x.png in Resources */,
				5DE2E0E11D59BD80008A8973 /* ELCAssetCollectionPicker.xib in Resources */,
			);
			runOnlyForDeploymentPostprocessing = 0;
		};
		6003F5AC195388D20070C39A /* Resources */ = {
			isa = PBXResourcesBuildPhase;
			buildActionMask = 2147483647;
			files = (
				6003F5BA195388D20070C39A /* InfoPlist.strings in Resources */,
			);
			runOnlyForDeploymentPostprocessing = 0;
		};
/* End PBXResourcesBuildPhase section */

/* Begin PBXShellScriptBuildPhase section */
		1389B76693F3EB606D81EC6E /* [CP] Embed Pods Frameworks */ = {
			isa = PBXShellScriptBuildPhase;
			buildActionMask = 2147483647;
			files = (
			);
			inputPaths = (
			);
			name = "[CP] Embed Pods Frameworks";
			outputPaths = (
			);
			runOnlyForDeploymentPostprocessing = 0;
			shellPath = /bin/sh;
			shellScript = "\"${SRCROOT}/Pods/Target Support Files/Pods-MultiImageSelector_Tests/Pods-MultiImageSelector_Tests-frameworks.sh\"\n";
			showEnvVarsInLog = 0;
		};
		485F68058BE00D976926DCFE /* [CP] Check Pods Manifest.lock */ = {
			isa = PBXShellScriptBuildPhase;
			buildActionMask = 2147483647;
			files = (
			);
			inputPaths = (
			);
			name = "[CP] Check Pods Manifest.lock";
			outputPaths = (
			);
			runOnlyForDeploymentPostprocessing = 0;
			shellPath = /bin/sh;
			shellScript = "diff \"${PODS_ROOT}/../Podfile.lock\" \"${PODS_ROOT}/Manifest.lock\" > /dev/null\nif [[ $? != 0 ]] ; then\n    cat << EOM\nerror: The sandbox is not in sync with the Podfile.lock. Run 'pod install' or update your CocoaPods installation.\nEOM\n    exit 1\nfi\n";
			showEnvVarsInLog = 0;
		};
		4C9C7C406D333C358AB52729 /* [CP] Embed Pods Frameworks */ = {
			isa = PBXShellScriptBuildPhase;
			buildActionMask = 2147483647;
			files = (
			);
			inputPaths = (
			);
			name = "[CP] Embed Pods Frameworks";
			outputPaths = (
			);
			runOnlyForDeploymentPostprocessing = 0;
			shellPath = /bin/sh;
			shellScript = "\"${SRCROOT}/Pods/Target Support Files/Pods-MultiImageSelector_Example/Pods-MultiImageSelector_Example-frameworks.sh\"\n";
			showEnvVarsInLog = 0;
		};
		74A568280A27C022045E0E7D /* [CP] Copy Pods Resources */ = {
			isa = PBXShellScriptBuildPhase;
			buildActionMask = 2147483647;
			files = (
			);
			inputPaths = (
			);
			name = "[CP] Copy Pods Resources";
			outputPaths = (
			);
			runOnlyForDeploymentPostprocessing = 0;
			shellPath = /bin/sh;
			shellScript = "\"${SRCROOT}/Pods/Target Support Files/Pods-MultiImageSelector_Example/Pods-MultiImageSelector_Example-resources.sh\"\n";
			showEnvVarsInLog = 0;
		};
		A1B991FEFCB7B155514B94C6 /* [CP] Check Pods Manifest.lock */ = {
			isa = PBXShellScriptBuildPhase;
			buildActionMask = 2147483647;
			files = (
			);
			inputPaths = (
			);
			name = "[CP] Check Pods Manifest.lock";
			outputPaths = (
			);
			runOnlyForDeploymentPostprocessing = 0;
			shellPath = /bin/sh;
			shellScript = "diff \"${PODS_ROOT}/../Podfile.lock\" \"${PODS_ROOT}/Manifest.lock\" > /dev/null\nif [[ $? != 0 ]] ; then\n    cat << EOM\nerror: The sandbox is not in sync with the Podfile.lock. Run 'pod install' or update your CocoaPods installation.\nEOM\n    exit 1\nfi\n";
			showEnvVarsInLog = 0;
		};
		A88CF88954CD13E94793B47C /* [CP] Copy Pods Resources */ = {
			isa = PBXShellScriptBuildPhase;
			buildActionMask = 2147483647;
			files = (
			);
			inputPaths = (
			);
			name = "[CP] Copy Pods Resources";
			outputPaths = (
			);
			runOnlyForDeploymentPostprocessing = 0;
			shellPath = /bin/sh;
			shellScript = "\"${SRCROOT}/Pods/Target Support Files/Pods-MultiImageSelector_Tests/Pods-MultiImageSelector_Tests-resources.sh\"\n";
			showEnvVarsInLog = 0;
		};
/* End PBXShellScriptBuildPhase section */

/* Begin PBXSourcesBuildPhase section */
		6003F586195388D20070C39A /* Sources */ = {
			isa = PBXSourcesBuildPhase;
			buildActionMask = 2147483647;
			files = (
				5DE2E0DC1D59BD80008A8973 /* ELCAlbumPickerController.m in Sources */,
				6003F59E195388D20070C39A /* CYXAppDelegate.m in Sources */,
				6003F5A7195388D20070C39A /* CYXViewController.m in Sources */,
				5DE2E0E71D59BD80008A8973 /* UIImageButton.m in Sources */,
				5DE2E0EB1D59BD80008A8973 /* JYBLoadingIndicator.m in Sources */,
				5DE2E0ED1D59BD80008A8973 /* UIImage+Color.m in Sources */,
				5DE2E0DF1D59BD80008A8973 /* ELCAssetCollectionPicker.m in Sources */,
				5DE2E0E81D59BD80008A8973 /* JYBBaseViewController.m in Sources */,
				5DE2E0EC1D59BD80008A8973 /* MBProgressHUD.m in Sources */,
				5DE2E0DE1D59BD80008A8973 /* ELCAssetCollectionCell.m in Sources */,
				5DE2E0DD1D59BD80008A8973 /* ELCAsset.m in Sources */,
				5DE2E0E91D59BD80008A8973 /* JYBStringHelper.m in Sources */,
				5DE2E0EA1D59BD80008A8973 /* JYBLoading.m in Sources */,
				5DE2E0EE1D59BD80008A8973 /* UIView+Ext.m in Sources */,
				5DE2E0E01D59BD80008A8973 /* ELCImagePickerController.m in Sources */,
				5DE2E0E61D59BD80008A8973 /* JYBMultiImageView.m in Sources */,
				6003F59A195388D20070C39A /* main.m in Sources */,
			);
			runOnlyForDeploymentPostprocessing = 0;
		};
		6003F5AA195388D20070C39A /* Sources */ = {
			isa = PBXSourcesBuildPhase;
			buildActionMask = 2147483647;
			files = (
				6003F5BC195388D20070C39A /* Tests.m in Sources */,
			);
			runOnlyForDeploymentPostprocessing = 0;
		};
/* End PBXSourcesBuildPhase section */

/* Begin PBXTargetDependency section */
		6003F5B4195388D20070C39A /* PBXTargetDependency */ = {
			isa = PBXTargetDependency;
			target = 6003F589195388D20070C39A /* MultiImageSelector_Example */;
			targetProxy = 6003F5B3195388D20070C39A /* PBXContainerItemProxy */;
		};
/* End PBXTargetDependency section */

/* Begin PBXVariantGroup section */
		6003F596195388D20070C39A /* InfoPlist.strings */ = {
			isa = PBXVariantGroup;
			children = (
				6003F597195388D20070C39A /* en */,
			);
			name = InfoPlist.strings;
			sourceTree = "<group>";
		};
		6003F5B8195388D20070C39A /* InfoPlist.strings */ = {
			isa = PBXVariantGroup;
			children = (
				6003F5B9195388D20070C39A /* en */,
			);
			name = InfoPlist.strings;
			sourceTree = "<group>";
		};
/* End PBXVariantGroup section */

/* Begin XCBuildConfiguration section */
		6003F5BD195388D20070C39A /* Debug */ = {
			isa = XCBuildConfiguration;
			buildSettings = {
				ALWAYS_SEARCH_USER_PATHS = NO;
				CLANG_CXX_LANGUAGE_STANDARD = "gnu++0x";
				CLANG_CXX_LIBRARY = "libc++";
				CLANG_ENABLE_MODULES = YES;
				CLANG_ENABLE_OBJC_ARC = YES;
				CLANG_WARN_BOOL_CONVERSION = YES;
				CLANG_WARN_CONSTANT_CONVERSION = YES;
				CLANG_WARN_DIRECT_OBJC_ISA_USAGE = YES_ERROR;
				CLANG_WARN_EMPTY_BODY = YES;
				CLANG_WARN_ENUM_CONVERSION = YES;
				CLANG_WARN_INT_CONVERSION = YES;
				CLANG_WARN_OBJC_ROOT_CLASS = YES_ERROR;
				CLANG_WARN__DUPLICATE_METHOD_MATCH = YES;
				"CODE_SIGN_IDENTITY[sdk=iphoneos*]" = "iPhone Developer";
				COPY_PHASE_STRIP = NO;
				ENABLE_TESTABILITY = YES;
				GCC_C_LANGUAGE_STANDARD = gnu99;
				GCC_DYNAMIC_NO_PIC = NO;
				GCC_OPTIMIZATION_LEVEL = 0;
				GCC_PREPROCESSOR_DEFINITIONS = (
					"DEBUG=1",
					"$(inherited)",
				);
				GCC_SYMBOLS_PRIVATE_EXTERN = NO;
				GCC_WARN_64_TO_32_BIT_CONVERSION = YES;
				GCC_WARN_ABOUT_RETURN_TYPE = YES_ERROR;
				GCC_WARN_UNDECLARED_SELECTOR = YES;
				GCC_WARN_UNINITIALIZED_AUTOS = YES_AGGRESSIVE;
				GCC_WARN_UNUSED_FUNCTION = YES;
				GCC_WARN_UNUSED_VARIABLE = YES;
				IPHONEOS_DEPLOYMENT_TARGET = 8.3;
				ONLY_ACTIVE_ARCH = YES;
				SDKROOT = iphoneos;
				TARGETED_DEVICE_FAMILY = "1,2";
			};
			name = Debug;
		};
		6003F5BE195388D20070C39A /* Release */ = {
			isa = XCBuildConfiguration;
			buildSettings = {
				ALWAYS_SEARCH_USER_PATHS = NO;
				CLANG_CXX_LANGUAGE_STANDARD = "gnu++0x";
				CLANG_CXX_LIBRARY = "libc++";
				CLANG_ENABLE_MODULES = YES;
				CLANG_ENABLE_OBJC_ARC = YES;
				CLANG_WARN_BOOL_CONVERSION = YES;
				CLANG_WARN_CONSTANT_CONVERSION = YES;
				CLANG_WARN_DIRECT_OBJC_ISA_USAGE = YES_ERROR;
				CLANG_WARN_EMPTY_BODY = YES;
				CLANG_WARN_ENUM_CONVERSION = YES;
				CLANG_WARN_INT_CONVERSION = YES;
				CLANG_WARN_OBJC_ROOT_CLASS = YES_ERROR;
				CLANG_WARN__DUPLICATE_METHOD_MATCH = YES;
				"CODE_SIGN_IDENTITY[sdk=iphoneos*]" = "iPhone Developer";
				COPY_PHASE_STRIP = YES;
				ENABLE_NS_ASSERTIONS = NO;
				GCC_C_LANGUAGE_STANDARD = gnu99;
				GCC_WARN_64_TO_32_BIT_CONVERSION = YES;
				GCC_WARN_ABOUT_RETURN_TYPE = YES_ERROR;
				GCC_WARN_UNDECLARED_SELECTOR = YES;
				GCC_WARN_UNINITIALIZED_AUTOS = YES_AGGRESSIVE;
				GCC_WARN_UNUSED_FUNCTION = YES;
				GCC_WARN_UNUSED_VARIABLE = YES;
				IPHONEOS_DEPLOYMENT_TARGET = 8.3;
				SDKROOT = iphoneos;
				TARGETED_DEVICE_FAMILY = "1,2";
				VALIDATE_PRODUCT = YES;
			};
			name = Release;
		};
		6003F5C0195388D20070C39A /* Debug */ = {
			isa = XCBuildConfiguration;
			baseConfigurationReference = 0C63F3CD9C5F710FA34EFF36 /* Pods-MultiImageSelector_Example.debug.xcconfig */;
			buildSettings = {
				ASSETCATALOG_COMPILER_APPICON_NAME = AppIcon;
				GCC_PRECOMPILE_PREFIX_HEADER = YES;
				GCC_PREFIX_HEADER = "MultiImageSelector/MultiImageSelector-Prefix.pch";
				INFOPLIST_FILE = "MultiImageSelector/MultiImageSelector-Info.plist";
				IPHONEOS_DEPLOYMENT_TARGET = 7.0;
				MODULE_NAME = ExampleApp;
				PRODUCT_BUNDLE_IDENTIFIER = "org.cocoapods.demo.${PRODUCT_NAME:rfc1034identifier}";
				PRODUCT_NAME = "$(TARGET_NAME)";
				WRAPPER_EXTENSION = app;
			};
			name = Debug;
		};
		6003F5C1195388D20070C39A /* Release */ = {
			isa = XCBuildConfiguration;
			baseConfigurationReference = 4F4F4917E987C0DB8784E5DD /* Pods-MultiImageSelector_Example.release.xcconfig */;
			buildSettings = {
				ASSETCATALOG_COMPILER_APPICON_NAME = AppIcon;
				GCC_PRECOMPILE_PREFIX_HEADER = YES;
				GCC_PREFIX_HEADER = "MultiImageSelector/MultiImageSelector-Prefix.pch";
				INFOPLIST_FILE = "MultiImageSelector/MultiImageSelector-Info.plist";
				IPHONEOS_DEPLOYMENT_TARGET = 7.0;
				MODULE_NAME = ExampleApp;
				PRODUCT_BUNDLE_IDENTIFIER = "org.cocoapods.demo.${PRODUCT_NAME:rfc1034identifier}";
				PRODUCT_NAME = "$(TARGET_NAME)";
				WRAPPER_EXTENSION = app;
			};
			name = Release;
		};
		6003F5C3195388D20070C39A /* Debug */ = {
			isa = XCBuildConfiguration;
			baseConfigurationReference = D5BA8823FD6B4692534AFE5E /* Pods-MultiImageSelector_Tests.debug.xcconfig */;
			buildSettings = {
				BUNDLE_LOADER = "$(TEST_HOST)";
				FRAMEWORK_SEARCH_PATHS = (
					"$(SDKROOT)/Developer/Library/Frameworks",
					"$(inherited)",
					"$(DEVELOPER_FRAMEWORKS_DIR)",
				);
				GCC_PRECOMPILE_PREFIX_HEADER = YES;
				GCC_PREFIX_HEADER = "Tests/Tests-Prefix.pch";
				GCC_PREPROCESSOR_DEFINITIONS = (
					"DEBUG=1",
					"$(inherited)",
				);
				INFOPLIST_FILE = "Tests/Tests-Info.plist";
				PRODUCT_BUNDLE_IDENTIFIER = "org.cocoapods.demo.${PRODUCT_NAME:rfc1034identifier}";
				PRODUCT_NAME = "$(TARGET_NAME)";
				TEST_HOST = "$(BUILT_PRODUCTS_DIR)/MultiImageSelector_Example.app/MultiImageSelector_Example";
				WRAPPER_EXTENSION = xctest;
			};
			name = Debug;
		};
		6003F5C4195388D20070C39A /* Release */ = {
			isa = XCBuildConfiguration;
			baseConfigurationReference = E408B0E784EFB17CC91337E8 /* Pods-MultiImageSelector_Tests.release.xcconfig */;
			buildSettings = {
				BUNDLE_LOADER = "$(TEST_HOST)";
				FRAMEWORK_SEARCH_PATHS = (
					"$(SDKROOT)/Developer/Library/Frameworks",
					"$(inherited)",
					"$(DEVELOPER_FRAMEWORKS_DIR)",
				);
				GCC_PRECOMPILE_PREFIX_HEADER = YES;
				GCC_PREFIX_HEADER = "Tests/Tests-Prefix.pch";
				INFOPLIST_FILE = "Tests/Tests-Info.plist";
				PRODUCT_BUNDLE_IDENTIFIER = "org.cocoapods.demo.${PRODUCT_NAME:rfc1034identifier}";
				PRODUCT_NAME = "$(TARGET_NAME)";
				TEST_HOST = "$(BUILT_PRODUCTS_DIR)/MultiImageSelector_Example.app/MultiImageSelector_Example";
				WRAPPER_EXTENSION = xctest;
			};
			name = Release;
		};
/* End XCBuildConfiguration section */

/* Begin XCConfigurationList section */
		6003F585195388D10070C39A /* Build configuration list for PBXProject "MultiImageSelector" */ = {
			isa = XCConfigurationList;
			buildConfigurations = (
				6003F5BD195388D20070C39A /* Debug */,
				6003F5BE195388D20070C39A /* Release */,
			);
			defaultConfigurationIsVisible = 0;
			defaultConfigurationName = Release;
		};
		6003F5BF195388D20070C39A /* Build configuration list for PBXNativeTarget "MultiImageSelector_Example" */ = {
			isa = XCConfigurationList;
			buildConfigurations = (
				6003F5C0195388D20070C39A /* Debug */,
				6003F5C1195388D20070C39A /* Release */,
			);
			defaultConfigurationIsVisible = 0;
			defaultConfigurationName = Release;
		};
		6003F5C2195388D20070C39A /* Build configuration list for PBXNativeTarget "MultiImageSelector_Tests" */ = {
			isa = XCConfigurationList;
			buildConfigurations = (
				6003F5C3195388D20070C39A /* Debug */,
				6003F5C4195388D20070C39A /* Release */,
			);
			defaultConfigurationIsVisible = 0;
			defaultConfigurationName = Release;
		};
/* End XCConfigurationList section */
	};
	rootObject = 6003F582195388D10070C39A /* Project object */;
}
